// !$*UTF8*$!
{
	archiveVersion = 1;
	classes = {
	};
	objectVersion = 50;
	objects = {

/* Begin PBXBuildFile section */
		79E4BAE826C0677600F85177 /* AppDelegate.swift in Sources */ = {isa = PBXBuildFile; fileRef = 79E4BAE726C0677600F85177 /* AppDelegate.swift */; };
		79E4BAEA26C0677600F85177 /* SceneDelegate.swift in Sources */ = {isa = PBXBuildFile; fileRef = 79E4BAE926C0677600F85177 /* SceneDelegate.swift */; };
		79E4BAEC26C0677600F85177 /* RGBViewController.swift in Sources */ = {isa = PBXBuildFile; fileRef = 79E4BAEB26C0677600F85177 /* RGBViewController.swift */; };
		79E4BAEF26C0677600F85177 /* Main.storyboard in Resources */ = {isa = PBXBuildFile; fileRef = 79E4BAED26C0677600F85177 /* Main.storyboard */; };
		79E4BAF126C0677700F85177 /* Assets.xcassets in Resources */ = {isa = PBXBuildFile; fileRef = 79E4BAF026C0677700F85177 /* Assets.xcassets */; };
		79E4BAF426C0677700F85177 /* LaunchScreen.storyboard in Resources */ = {isa = PBXBuildFile; fileRef = 79E4BAF226C0677700F85177 /* LaunchScreen.storyboard */; };
		79E4BAFC26C0684D00F85177 /* Colors.swift in Sources */ = {isa = PBXBuildFile; fileRef = 79E4BAFB26C0684D00F85177 /* Colors.swift */; };
		79E4BAFE26C069E700F85177 /* StudentsViewController.swift in Sources */ = {isa = PBXBuildFile; fileRef = 79E4BAFD26C069E700F85177 /* StudentsViewController.swift */; };
		79E4BB0026C06A2B00F85177 /* Students.swift in Sources */ = {isa = PBXBuildFile; fileRef = 79E4BAFF26C06A2B00F85177 /* Students.swift */; };
		79E4BB0526C06A7500F85177 /* TableViewCell.swift in Sources */ = {isa = PBXBuildFile; fileRef = 79E4BB0326C06A7500F85177 /* TableViewCell.swift */; };
		79E4BB0626C06A7500F85177 /* TableViewCell.xib in Resources */ = {isa = PBXBuildFile; fileRef = 79E4BB0426C06A7500F85177 /* TableViewCell.xib */; };
/* End PBXBuildFile section */

/* Begin PBXFileReference section */
		79E4BAE426C0677600F85177 /* Homework 16.app */ = {isa = PBXFileReference; explicitFileType = wrapper.application; includeInIndex = 0; path = "Homework 16.app"; sourceTree = BUILT_PRODUCTS_DIR; };
		79E4BAE726C0677600F85177 /* AppDelegate.swift */ = {isa = PBXFileReference; lastKnownFileType = sourcecode.swift; path = AppDelegate.swift; sourceTree = "<group>"; };
		79E4BAE926C0677600F85177 /* SceneDelegate.swift */ = {isa = PBXFileReference; lastKnownFileType = sourcecode.swift; path = SceneDelegate.swift; sourceTree = "<group>"; };
		79E4BAEB26C0677600F85177 /* RGBViewController.swift */ = {isa = PBXFileReference; lastKnownFileType = sourcecode.swift; path = RGBViewController.swift; sourceTree = "<group>"; };
		79E4BAEE26C0677600F85177 /* Base */ = {isa = PBXFileReference; lastKnownFileType = file.storyboard; name = Base; path = Base.lproj/Main.storyboard; sourceTree = "<group>"; };
		79E4BAF026C0677700F85177 /* Assets.xcassets */ = {isa = PBXFileReference; lastKnownFileType = folder.assetcatalog; path = Assets.xcassets; sourceTree = "<group>"; };
		79E4BAF326C0677700F85177 /* Base */ = {isa = PBXFileReference; lastKnownFileType = file.storyboard; name = Base; path = Base.lproj/LaunchScreen.storyboard; sourceTree = "<group>"; };
		79E4BAF526C0677700F85177 /* Info.plist */ = {isa = PBXFileReference; lastKnownFileType = text.plist.xml; path = Info.plist; sourceTree = "<group>"; };
		79E4BAFB26C0684D00F85177 /* Colors.swift */ = {isa = PBXFileReference; lastKnownFileType = sourcecode.swift; path = Colors.swift; sourceTree = "<group>"; };
		79E4BAFD26C069E700F85177 /* StudentsViewController.swift */ = {isa = PBXFileReference; lastKnownFileType = sourcecode.swift; path = StudentsViewController.swift; sourceTree = "<group>"; };
		79E4BAFF26C06A2B00F85177 /* Students.swift */ = {isa = PBXFileReference; lastKnownFileType = sourcecode.swift; path = Students.swift; sourceTree = "<group>"; };
		79E4BB0326C06A7500F85177 /* TableViewCell.swift */ = {isa = PBXFileReference; lastKnownFileType = sourcecode.swift; path = TableViewCell.swift; sourceTree = "<group>"; };
		79E4BB0426C06A7500F85177 /* TableViewCell.xib */ = {isa = PBXFileReference; lastKnownFileType = file.xib; path = TableViewCell.xib; sourceTree = "<group>"; };
/* End PBXFileReference section */

/* Begin PBXFrameworksBuildPhase section */
		79E4BAE126C0677600F85177 /* Frameworks */ = {
			isa = PBXFrameworksBuildPhase;
			buildActionMask = 2147483647;
			files = (
			);
			runOnlyForDeploymentPostprocessing = 0;
		};
/* End PBXFrameworksBuildPhase section */

/* Begin PBXGroup section */
		79E4BADB26C0677600F85177 = {
			isa = PBXGroup;
			children = (
				79E4BAE626C0677600F85177 /* Homework 16 */,
				79E4BAE526C0677600F85177 /* Products */,
			);
			sourceTree = "<group>";
		};
		79E4BAE526C0677600F85177 /* Products */ = {
			isa = PBXGroup;
			children = (
				79E4BAE426C0677600F85177 /* Homework 16.app */,
			);
			name = Products;
			sourceTree = "<group>";
		};
		79E4BAE626C0677600F85177 /* Homework 16 */ = {
			isa = PBXGroup;
			children = (
				79E4BB0126C06A4800F85177 /* Cells */,
				79E4BAE726C0677600F85177 /* AppDelegate.swift */,
				79E4BAE926C0677600F85177 /* SceneDelegate.swift */,
				79E4BAF026C0677700F85177 /* Assets.xcassets */,
				79E4BAF226C0677700F85177 /* LaunchScreen.storyboard */,
				79E4BAF526C0677700F85177 /* Info.plist */,
				79E4BAED26C0677600F85177 /* Main.storyboard */,
				79E4BAEB26C0677600F85177 /* RGBViewController.swift */,
				79E4BAFB26C0684D00F85177 /* Colors.swift */,
				79E4BAFD26C069E700F85177 /* StudentsViewController.swift */,
				79E4BAFF26C06A2B00F85177 /* Students.swift */,
			);
			path = "Homework 16";
			sourceTree = "<group>";
		};
		79E4BB0126C06A4800F85177 /* Cells */ = {
			isa = PBXGroup;
			children = (
				79E4BB0226C06A5200F85177 /* StudentsTableViewCell */,
			);
			path = Cells;
			sourceTree = "<group>";
		};
		79E4BB0226C06A5200F85177 /* StudentsTableViewCell */ = {
			isa = PBXGroup;
			children = (
				79E4BB0326C06A7500F85177 /* TableViewCell.swift */,
				79E4BB0426C06A7500F85177 /* TableViewCell.xib */,
			);
			path = StudentsTableViewCell;
			sourceTree = "<group>";
		};
/* End PBXGroup section */

/* Begin PBXNativeTarget section */
		79E4BAE326C0677600F85177 /* Homework 16 */ = {
			isa = PBXNativeTarget;
			buildConfigurationList = 79E4BAF826C0677700F85177 /* Build configuration list for PBXNativeTarget "Homework 16" */;
			buildPhases = (
				79E4BAE026C0677600F85177 /* Sources */,
				79E4BAE126C0677600F85177 /* Frameworks */,
				79E4BAE226C0677600F85177 /* Resources */,
			);
			buildRules = (
			);
			dependencies = (
			);
			name = "Homework 16";
			productName = "Homework 16";
			productReference = 79E4BAE426C0677600F85177 /* Homework 16.app */;
			productType = "com.apple.product-type.application";
		};
/* End PBXNativeTarget section */

/* Begin PBXProject section */
		79E4BADC26C0677600F85177 /* Project object */ = {
			isa = PBXProject;
			attributes = {
				LastSwiftUpdateCheck = 1250;
				LastUpgradeCheck = 1250;
				TargetAttributes = {
					79E4BAE326C0677600F85177 = {
						CreatedOnToolsVersion = 12.5.1;
					};
				};
			};
			buildConfigurationList = 79E4BADF26C0677600F85177 /* Build configuration list for PBXProject "Homework 16" */;
			compatibilityVersion = "Xcode 9.3";
			developmentRegion = en;
			hasScannedForEncodings = 0;
			knownRegions = (
				en,
				Base,
			);
			mainGroup = 79E4BADB26C0677600F85177;
			productRefGroup = 79E4BAE526C0677600F85177 /* Products */;
			projectDirPath = "";
			projectRoot = "";
			targets = (
				79E4BAE326C0677600F85177 /* Homework 16 */,
			);
		};
/* End PBXProject section */

/* Begin PBXResourcesBuildPhase section */
		79E4BAE226C0677600F85177 /* Resources */ = {
			isa = PBXResourcesBuildPhase;
			buildActionMask = 2147483647;
			files = (
				79E4BAF426C0677700F85177 /* LaunchScreen.storyboard in Resources */,
				79E4BB0626C06A7500F85177 /* TableViewCell.xib in Resources */,
				79E4BAF126C0677700F85177 /* Assets.xcassets in Resources */,
				79E4BAEF26C0677600F85177 /* Main.storyboard in Resources */,
			);
			runOnlyForDeploymentPostprocessing = 0;
		};
/* End PBXResourcesBuildPhase section */

/* Begin PBXSourcesBuildPhase section */
		79E4BAE026C0677600F85177 /* Sources */ = {
			isa = PBXSourcesBuildPhase;
			buildActionMask = 2147483647;
			files = (
				79E4BAEC26C0677600F85177 /* RGBViewController.swift in Sources */,
				79E4BAFC26C0684D00F85177 /* Colors.swift in Sources */,
				79E4BAE826C0677600F85177 /* AppDelegate.swift in Sources */,
				79E4BB0026C06A2B00F85177 /* Students.swift in Sources */,
				79E4BAFE26C069E700F85177 /* StudentsViewController.swift in Sources */,
				79E4BB0526C06A7500F85177 /* TableViewCell.swift in Sources */,
				79E4BAEA26C0677600F85177 /* SceneDelegate.swift in Sources */,
			);
			runOnlyForDeploymentPostprocessing = 0;
		};
/* End PBXSourcesBuildPhase section */

/* Begin PBXVariantGroup section */
		79E4BAED26C0677600F85177 /* Main.storyboard */ = {
			isa = PBXVariantGroup;
			children = (
				79E4BAEE26C0677600F85177 /* Base */,
			);
			name = Main.storyboard;
			sourceTree = "<group>";
		};
		79E4BAF226C0677700F85177 /* LaunchScreen.storyboard */ = {
			isa = PBXVariantGroup;
			children = (
				79E4BAF326C0677700F85177 /* Base */,
			);
			name = LaunchScreen.storyboard;
			sourceTree = "<group>";
		};
/* End PBXVariantGroup section */

/* Begin XCBuildConfiguration section */
		79E4BAF626C0677700F85177 /* Debug */ = {
			isa = XCBuildConfiguration;
			buildSettings = {
				ALWAYS_SEARCH_USER_PATHS = NO;
				CLANG_ANALYZER_NONNULL = YES;
				CLANG_ANALYZER_NUMBER_OBJECT_CONVERSION = YES_AGGRESSIVE;
				CLANG_CXX_LANGUAGE_STANDARD = "gnu++14";
				CLANG_CXX_LIBRARY = "libc++";
				CLANG_ENABLE_MODULES = YES;
				CLANG_ENABLE_OBJC_ARC = YES;
				CLANG_ENABLE_OBJC_WEAK = YES;
				CLANG_WARN_BLOCK_CAPTURE_AUTORELEASING = YES;
				CLANG_WARN_BOOL_CONVERSION = YES;
				CLANG_WARN_COMMA = YES;
				CLANG_WARN_CONSTANT_CONVERSION = YES;
				CLANG_WARN_DEPRECATED_OBJC_IMPLEMENTATIONS = YES;
				CLANG_WARN_DIRECT_OBJC_ISA_USAGE = YES_ERROR;
				CLANG_WARN_DOCUMENTATION_COMMENTS = YES;
				CLANG_WARN_EMPTY_BODY = YES;
				CLANG_WARN_ENUM_CONVERSION = YES;
				CLANG_WARN_INFINITE_RECURSION = YES;
				CLANG_WARN_INT_CONVERSION = YES;
				CLANG_WARN_NON_LITERAL_NULL_CONVERSION = YES;
				CLANG_WARN_OBJC_IMPLICIT_RETAIN_SELF = YES;
				CLANG_WARN_OBJC_LITERAL_CONVERSION = YES;
				CLANG_WARN_OBJC_ROOT_CLASS = YES_ERROR;
				CLANG_WARN_QUOTED_INCLUDE_IN_FRAMEWORK_HEADER = YES;
				CLANG_WARN_RANGE_LOOP_ANALYSIS = YES;
				CLANG_WARN_STRICT_PROTOTYPES = YES;
				CLANG_WARN_SUSPICIOUS_MOVE = YES;
				CLANG_WARN_UNGUARDED_AVAILABILITY = YES_AGGRESSIVE;
				CLANG_WARN_UNREACHABLE_CODE = YES;
				CLANG_WARN__DUPLICATE_METHOD_MATCH = YES;
				COPY_PHASE_STRIP = NO;
				DEBUG_INFORMATION_FORMAT = dwarf;
				ENABLE_STRICT_OBJC_MSGSEND = YES;
				ENABLE_TESTABILITY = YES;
				GCC_C_LANGUAGE_STANDARD = gnu11;
				GCC_DYNAMIC_NO_PIC = NO;
				GCC_NO_COMMON_BLOCKS = YES;
				GCC_OPTIMIZATION_LEVEL = 0;
				GCC_PREPROCESSOR_DEFINITIONS = (
					"DEBUG=1",
					"$(inherited)",
				);
				GCC_WARN_64_TO_32_BIT_CONVERSION = YES;
				GCC_WARN_ABOUT_RETURN_TYPE = YES_ERROR;
				GCC_WARN_UNDECLARED_SELECTOR = YES;
				GCC_WARN_UNINITIALIZED_AUTOS = YES_AGGRESSIVE;
				GCC_WARN_UNUSED_FUNCTION = YES;
				GCC_WARN_UNUSED_VARIABLE = YES;
				IPHONEOS_DEPLOYMENT_TARGET = 14.5;
				MTL_ENABLE_DEBUG_INFO = INCLUDE_SOURCE;
				MTL_FAST_MATH = YES;
				ONLY_ACTIVE_ARCH = YES;
				SDKROOT = iphoneos;
				SWIFT_ACTIVE_COMPILATION_CONDITIONS = DEBUG;
				SWIFT_OPTIMIZATION_LEVEL = "-Onone";
			};
			name = Debug;
		};
		79E4BAF726C0677700F85177 /* Release */ = {
			isa = XCBuildConfiguration;
			buildSettings = {
				ALWAYS_SEARCH_USER_PATHS = NO;
				CLANG_ANALYZER_NONNULL = YES;
				CLANG_ANALYZER_NUMBER_OBJECT_CONVERSION = YES_AGGRESSIVE;
				CLANG_CXX_LANGUAGE_STANDARD = "gnu++14";
				CLANG_CXX_LIBRARY = "libc++";
				CLANG_ENABLE_MODULES = YES;
				CLANG_ENABLE_OBJC_ARC = YES;
				CLANG_ENABLE_OBJC_WEAK = YES;
				CLANG_WARN_BLOCK_CAPTURE_AUTORELEASING = YES;
				CLANG_WARN_BOOL_CONVERSION = YES;
				CLANG_WARN_COMMA = YES;
				CLANG_WARN_CONSTANT_CONVERSION = YES;
				CLANG_WARN_DEPRECATED_OBJC_IMPLEMENTATIONS = YES;
				CLANG_WARN_DIRECT_OBJC_ISA_USAGE = YES_ERROR;
				CLANG_WARN_DOCUMENTATION_COMMENTS = YES;
				CLANG_WARN_EMPTY_BODY = YES;
				CLANG_WARN_ENUM_CONVERSION = YES;
				CLANG_WARN_INFINITE_RECURSION = YES;
				CLANG_WARN_INT_CONVERSION = YES;
				CLANG_WARN_NON_LITERAL_NULL_CONVERSION = YES;
				CLANG_WARN_OBJC_IMPLICIT_RETAIN_SELF = YES;
				CLANG_WARN_OBJC_LITERAL_CONVERSION = YES;
				CLANG_WARN_OBJC_ROOT_CLASS = YES_ERROR;
				CLANG_WARN_QUOTED_INCLUDE_IN_FRAMEWORK_HEADER = YES;
				CLANG_WARN_RANGE_LOOP_ANALYSIS = YES;
				CLANG_WARN_STRICT_PROTOTYPES = YES;
				CLANG_WARN_SUSPICIOUS_MOVE = YES;
				CLANG_WARN_UNGUARDED_AVAILABILITY = YES_AGGRESSIVE;
				CLANG_WARN_UNREACHABLE_CODE = YES;
				CLANG_WARN__DUPLICATE_METHOD_MATCH = YES;
				COPY_PHASE_STRIP = NO;
				DEBUG_INFORMATION_FORMAT = "dwarf-with-dsym";
				ENABLE_NS_ASSERTIONS = NO;
				ENABLE_STRICT_OBJC_MSGSEND = YES;
				GCC_C_LANGUAGE_STANDARD = gnu11;
				GCC_NO_COMMON_BLOCKS = YES;
				GCC_WARN_64_TO_32_BIT_CONVERSION = YES;
				GCC_WARN_ABOUT_RETURN_TYPE = YES_ERROR;
				GCC_WARN_UNDECLARED_SELECTOR = YES;
				GCC_WARN_UNINITIALIZED_AUTOS = YES_AGGRESSIVE;
				GCC_WARN_UNUSED_FUNCTION = YES;
				GCC_WARN_UNUSED_VARIABLE = YES;
				IPHONEOS_DEPLOYMENT_TARGET = 14.5;
				MTL_ENABLE_DEBUG_INFO = NO;
				MTL_FAST_MATH = YES;
				SDKROOT = iphoneos;
				SWIFT_COMPILATION_MODE = wholemodule;
				SWIFT_OPTIMIZATION_LEVEL = "-O";
				VALIDATE_PRODUCT = YES;
			};
			name = Release;
		};
		79E4BAF926C0677700F85177 /* Debug */ = {
			isa = XCBuildConfiguration;
			buildSettings = {
				ASSETCATALOG_COMPILER_APPICON_NAME = AppIcon;
				ASSETCATALOG_COMPILER_GLOBAL_ACCENT_COLOR_NAME = AccentColor;
				CODE_SIGN_STYLE = Automatic;
				DEVELOPMENT_TEAM = HM3MPUGRXX;
				INFOPLIST_FILE = "Homework 16/Info.plist";
				LD_RUNPATH_SEARCH_PATHS = (
					"$(inherited)",
					"@executable_path/Frameworks",
				);
				PRODUCT_BUNDLE_IDENTIFIER = "com.tms.Homework-16";
				PRODUCT_NAME = "$(TARGET_NAME)";
				SWIFT_VERSION = 5.0;
				TARGETED_DEVICE_FAMILY = "1,2";
			};
			name = Debug;
		};
		79E4BAFA26C0677700F85177 /* Release */ = {
			isa = XCBuildConfiguration;
			buildSettings = {
				ASSETCATALOG_COMPILER_APPICON_NAME = AppIcon;
				ASSETCATALOG_COMPILER_GLOBAL_ACCENT_COLOR_NAME = AccentColor;
				CODE_SIGN_STYLE = Automatic;
				DEVELOPMENT_TEAM = HM3MPUGRXX;
				INFOPLIST_FILE = "Homework 16/Info.plist";
				LD_RUNPATH_SEARCH_PATHS = (
					"$(inherited)",
					"@executable_path/Frameworks",
				);
				PRODUCT_BUNDLE_IDENTIFIER = "com.tms.Homework-16";
				PRODUCT_NAME = "$(TARGET_NAME)";
				SWIFT_VERSION = 5.0;
				TARGETED_DEVICE_FAMILY = "1,2";
			};
			name = Release;
		};
/* End XCBuildConfiguration section */

/* Begin XCConfigurationList section */
		79E4BADF26C0677600F85177 /* Build configuration list for PBXProject "Homework 16" */ = {
			isa = XCConfigurationList;
			buildConfigurations = (
				79E4BAF626C0677700F85177 /* Debug */,
				79E4BAF726C0677700F85177 /* Release */,
			);
			defaultConfigurationIsVisible = 0;
			defaultConfigurationName = Release;
		};
		79E4BAF826C0677700F85177 /* Build configuration list for PBXNativeTarget "Homework 16" */ = {
			isa = XCConfigurationList;
			buildConfigurations = (
				79E4BAF926C0677700F85177 /* Debug */,
				79E4BAFA26C0677700F85177 /* Release */,
			);
			defaultConfigurationIsVisible = 0;
			defaultConfigurationName = Release;
		};
/* End XCConfigurationList section */
	};
	rootObject = 79E4BADC26C0677600F85177 /* Project object */;
}
